// !$*UTF8*$!
{
	archiveVersion = 1;
	classes = {
	};
	objectVersion = 50;
	objects = {

/* Begin PBXBuildFile section */
		7F3FDE2123845FA2001087A8 /* AppDelegate.swift in Sources */ = {isa = PBXBuildFile; fileRef = 7F3FDE2023845FA2001087A8 /* AppDelegate.swift */; };
		7F3FDE2323845FA2001087A8 /* SceneDelegate.swift in Sources */ = {isa = PBXBuildFile; fileRef = 7F3FDE2223845FA2001087A8 /* SceneDelegate.swift */; };
		7F3FDE2523845FA2001087A8 /* ContentView.swift in Sources */ = {isa = PBXBuildFile; fileRef = 7F3FDE2423845FA2001087A8 /* ContentView.swift */; };
		7F3FDE2723845FA5001087A8 /* Assets.xcassets in Resources */ = {isa = PBXBuildFile; fileRef = 7F3FDE2623845FA5001087A8 /* Assets.xcassets */; };
		7F3FDE2A23845FA5001087A8 /* Preview Assets.xcassets in Resources */ = {isa = PBXBuildFile; fileRef = 7F3FDE2923845FA5001087A8 /* Preview Assets.xcassets */; };
		7F3FDE2D23845FA5001087A8 /* LaunchScreen.storyboard in Resources */ = {isa = PBXBuildFile; fileRef = 7F3FDE2B23845FA5001087A8 /* LaunchScreen.storyboard */; };
		7F3FDE3823845FA6001087A8 /* GalleryUITests.swift in Sources */ = {isa = PBXBuildFile; fileRef = 7F3FDE3723845FA6001087A8 /* GalleryUITests.swift */; };
		7F3FDE4323845FA6001087A8 /* GalleryUIUITests.swift in Sources */ = {isa = PBXBuildFile; fileRef = 7F3FDE4223845FA6001087A8 /* GalleryUIUITests.swift */; };
		7F3FDE5123846A3B001087A8 /* ListCastle.swift in Sources */ = {isa = PBXBuildFile; fileRef = 7F3FDE5023846A3B001087A8 /* ListCastle.swift */; };
		7F3FDE572384AD3D001087A8 /* StartController.swift in Sources */ = {isa = PBXBuildFile; fileRef = 7F3FDE562384AD3D001087A8 /* StartController.swift */; };
/* End PBXBuildFile section */

/* Begin PBXContainerItemProxy section */
		7F3FDE3423845FA6001087A8 /* PBXContainerItemProxy */ = {
			isa = PBXContainerItemProxy;
			containerPortal = 7F3FDE1523845FA2001087A8 /* Project object */;
			proxyType = 1;
			remoteGlobalIDString = 7F3FDE1C23845FA2001087A8;
			remoteInfo = GalleryUI;
		};
		7F3FDE3F23845FA6001087A8 /* PBXContainerItemProxy */ = {
			isa = PBXContainerItemProxy;
			containerPortal = 7F3FDE1523845FA2001087A8 /* Project object */;
			proxyType = 1;
			remoteGlobalIDString = 7F3FDE1C23845FA2001087A8;
			remoteInfo = GalleryUI;
		};
/* End PBXContainerItemProxy section */

/* Begin PBXFileReference section */
		7F3FDE1D23845FA2001087A8 /* GalleryUI.app */ = {isa = PBXFileReference; explicitFileType = wrapper.application; includeInIndex = 0; path = GalleryUI.app; sourceTree = BUILT_PRODUCTS_DIR; };
		7F3FDE2023845FA2001087A8 /* AppDelegate.swift */ = {isa = PBXFileReference; lastKnownFileType = sourcecode.swift; path = AppDelegate.swift; sourceTree = "<group>"; };
		7F3FDE2223845FA2001087A8 /* SceneDelegate.swift */ = {isa = PBXFileReference; lastKnownFileType = sourcecode.swift; path = SceneDelegate.swift; sourceTree = "<group>"; };
		7F3FDE2423845FA2001087A8 /* ContentView.swift */ = {isa = PBXFileReference; lastKnownFileType = sourcecode.swift; path = ContentView.swift; sourceTree = "<group>"; };
		7F3FDE2623845FA5001087A8 /* Assets.xcassets */ = {isa = PBXFileReference; lastKnownFileType = folder.assetcatalog; path = Assets.xcassets; sourceTree = "<group>"; };
		7F3FDE2923845FA5001087A8 /* Preview Assets.xcassets */ = {isa = PBXFileReference; lastKnownFileType = folder.assetcatalog; path = "Preview Assets.xcassets"; sourceTree = "<group>"; };
		7F3FDE2C23845FA5001087A8 /* Base */ = {isa = PBXFileReference; lastKnownFileType = file.storyboard; name = Base; path = Base.lproj/LaunchScreen.storyboard; sourceTree = "<group>"; };
		7F3FDE2E23845FA5001087A8 /* Info.plist */ = {isa = PBXFileReference; lastKnownFileType = text.plist.xml; path = Info.plist; sourceTree = "<group>"; };
		7F3FDE3323845FA6001087A8 /* GalleryUITests.xctest */ = {isa = PBXFileReference; explicitFileType = wrapper.cfbundle; includeInIndex = 0; path = GalleryUITests.xctest; sourceTree = BUILT_PRODUCTS_DIR; };
		7F3FDE3723845FA6001087A8 /* GalleryUITests.swift */ = {isa = PBXFileReference; lastKnownFileType = sourcecode.swift; path = GalleryUITests.swift; sourceTree = "<group>"; };
		7F3FDE3923845FA6001087A8 /* Info.plist */ = {isa = PBXFileReference; lastKnownFileType = text.plist.xml; path = Info.plist; sourceTree = "<group>"; };
		7F3FDE3E23845FA6001087A8 /* GalleryUIUITests.xctest */ = {isa = PBXFileReference; explicitFileType = wrapper.cfbundle; includeInIndex = 0; path = GalleryUIUITests.xctest; sourceTree = BUILT_PRODUCTS_DIR; };
		7F3FDE4223845FA6001087A8 /* GalleryUIUITests.swift */ = {isa = PBXFileReference; lastKnownFileType = sourcecode.swift; path = GalleryUIUITests.swift; sourceTree = "<group>"; };
		7F3FDE4423845FA6001087A8 /* Info.plist */ = {isa = PBXFileReference; lastKnownFileType = text.plist.xml; path = Info.plist; sourceTree = "<group>"; };
		7F3FDE5023846A3B001087A8 /* ListCastle.swift */ = {isa = PBXFileReference; lastKnownFileType = sourcecode.swift; path = ListCastle.swift; sourceTree = "<group>"; };
		7F3FDE562384AD3D001087A8 /* StartController.swift */ = {isa = PBXFileReference; lastKnownFileType = sourcecode.swift; path = StartController.swift; sourceTree = "<group>"; };
/* End PBXFileReference section */

/* Begin PBXFrameworksBuildPhase section */
		7F3FDE1A23845FA2001087A8 /* Frameworks */ = {
			isa = PBXFrameworksBuildPhase;
			buildActionMask = 2147483647;
			files = (
			);
			runOnlyForDeploymentPostprocessing = 0;
		};
		7F3FDE3023845FA6001087A8 /* Frameworks */ = {
			isa = PBXFrameworksBuildPhase;
			buildActionMask = 2147483647;
			files = (
			);
			runOnlyForDeploymentPostprocessing = 0;
		};
		7F3FDE3B23845FA6001087A8 /* Frameworks */ = {
			isa = PBXFrameworksBuildPhase;
			buildActionMask = 2147483647;
			files = (
			);
			runOnlyForDeploymentPostprocessing = 0;
		};
/* End PBXFrameworksBuildPhase section */

/* Begin PBXGroup section */
		7F3FDE1423845FA2001087A8 = {
			isa = PBXGroup;
			children = (
				7F3FDE1F23845FA2001087A8 /* GalleryUI */,
				7F3FDE3623845FA6001087A8 /* GalleryUITests */,
				7F3FDE4123845FA6001087A8 /* GalleryUIUITests */,
				7F3FDE1E23845FA2001087A8 /* Products */,
			);
			sourceTree = "<group>";
		};
		7F3FDE1E23845FA2001087A8 /* Products */ = {
			isa = PBXGroup;
			children = (
				7F3FDE1D23845FA2001087A8 /* GalleryUI.app */,
				7F3FDE3323845FA6001087A8 /* GalleryUITests.xctest */,
				7F3FDE3E23845FA6001087A8 /* GalleryUIUITests.xctest */,
			);
			name = Products;
			sourceTree = "<group>";
		};
		7F3FDE1F23845FA2001087A8 /* GalleryUI */ = {
			isa = PBXGroup;
			children = (
				7F3FDE2023845FA2001087A8 /* AppDelegate.swift */,
				7F3FDE2223845FA2001087A8 /* SceneDelegate.swift */,
				7F3FDE2423845FA2001087A8 /* ContentView.swift */,
				7F3FDE2623845FA5001087A8 /* Assets.xcassets */,
				7F3FDE2B23845FA5001087A8 /* LaunchScreen.storyboard */,
				7F3FDE2E23845FA5001087A8 /* Info.plist */,
				7F3FDE2823845FA5001087A8 /* Preview Content */,
				7F3FDE5023846A3B001087A8 /* ListCastle.swift */,
				7F3FDE562384AD3D001087A8 /* StartController.swift */,
			);
			path = GalleryUI;
			sourceTree = "<group>";
		};
		7F3FDE2823845FA5001087A8 /* Preview Content */ = {
			isa = PBXGroup;
			children = (
				7F3FDE2923845FA5001087A8 /* Preview Assets.xcassets */,
			);
			path = "Preview Content";
			sourceTree = "<group>";
		};
		7F3FDE3623845FA6001087A8 /* GalleryUITests */ = {
			isa = PBXGroup;
			children = (
				7F3FDE3723845FA6001087A8 /* GalleryUITests.swift */,
				7F3FDE3923845FA6001087A8 /* Info.plist */,
			);
			path = GalleryUITests;
			sourceTree = "<group>";
		};
		7F3FDE4123845FA6001087A8 /* GalleryUIUITests */ = {
			isa = PBXGroup;
			children = (
				7F3FDE4223845FA6001087A8 /* GalleryUIUITests.swift */,
				7F3FDE4423845FA6001087A8 /* Info.plist */,
			);
			path = GalleryUIUITests;
			sourceTree = "<group>";
		};
/* End PBXGroup section */

/* Begin PBXNativeTarget section */
		7F3FDE1C23845FA2001087A8 /* GalleryUI */ = {
			isa = PBXNativeTarget;
			buildConfigurationList = 7F3FDE4723845FA6001087A8 /* Build configuration list for PBXNativeTarget "GalleryUI" */;
			buildPhases = (
				7F3FDE1923845FA2001087A8 /* Sources */,
				7F3FDE1A23845FA2001087A8 /* Frameworks */,
				7F3FDE1B23845FA2001087A8 /* Resources */,
			);
			buildRules = (
			);
			dependencies = (
			);
			name = GalleryUI;
			productName = GalleryUI;
			productReference = 7F3FDE1D23845FA2001087A8 /* GalleryUI.app */;
			productType = "com.apple.product-type.application";
		};
		7F3FDE3223845FA6001087A8 /* GalleryUITests */ = {
			isa = PBXNativeTarget;
			buildConfigurationList = 7F3FDE4A23845FA6001087A8 /* Build configuration list for PBXNativeTarget "GalleryUITests" */;
			buildPhases = (
				7F3FDE2F23845FA6001087A8 /* Sources */,
				7F3FDE3023845FA6001087A8 /* Frameworks */,
				7F3FDE3123845FA6001087A8 /* Resources */,
			);
			buildRules = (
			);
			dependencies = (
				7F3FDE3523845FA6001087A8 /* PBXTargetDependency */,
			);
			name = GalleryUITests;
			productName = GalleryUITests;
			productReference = 7F3FDE3323845FA6001087A8 /* GalleryUITests.xctest */;
			productType = "com.apple.product-type.bundle.unit-test";
		};
		7F3FDE3D23845FA6001087A8 /* GalleryUIUITests */ = {
			isa = PBXNativeTarget;
			buildConfigurationList = 7F3FDE4D23845FA6001087A8 /* Build configuration list for PBXNativeTarget "GalleryUIUITests" */;
			buildPhases = (
				7F3FDE3A23845FA6001087A8 /* Sources */,
				7F3FDE3B23845FA6001087A8 /* Frameworks */,
				7F3FDE3C23845FA6001087A8 /* Resources */,
			);
			buildRules = (
			);
			dependencies = (
				7F3FDE4023845FA6001087A8 /* PBXTargetDependency */,
			);
			name = GalleryUIUITests;
			productName = GalleryUIUITests;
			productReference = 7F3FDE3E23845FA6001087A8 /* GalleryUIUITests.xctest */;
			productType = "com.apple.product-type.bundle.ui-testing";
		};
/* End PBXNativeTarget section */

/* Begin PBXProject section */
		7F3FDE1523845FA2001087A8 /* Project object */ = {
			isa = PBXProject;
			attributes = {
				LastSwiftUpdateCheck = 1120;
				LastUpgradeCheck = 1120;
				ORGANIZATIONNAME = "Natalia Wcisło";
				TargetAttributes = {
					7F3FDE1C23845FA2001087A8 = {
						CreatedOnToolsVersion = 11.2.1;
					};
					7F3FDE3223845FA6001087A8 = {
						CreatedOnToolsVersion = 11.2.1;
						TestTargetID = 7F3FDE1C23845FA2001087A8;
					};
					7F3FDE3D23845FA6001087A8 = {
						CreatedOnToolsVersion = 11.2.1;
						TestTargetID = 7F3FDE1C23845FA2001087A8;
					};
				};
			};
			buildConfigurationList = 7F3FDE1823845FA2001087A8 /* Build configuration list for PBXProject "GalleryUI" */;
			compatibilityVersion = "Xcode 9.3";
			developmentRegion = en;
			hasScannedForEncodings = 0;
			knownRegions = (
				en,
				Base,
			);
			mainGroup = 7F3FDE1423845FA2001087A8;
			productRefGroup = 7F3FDE1E23845FA2001087A8 /* Products */;
			projectDirPath = "";
			projectRoot = "";
			targets = (
				7F3FDE1C23845FA2001087A8 /* GalleryUI */,
				7F3FDE3223845FA6001087A8 /* GalleryUITests */,
				7F3FDE3D23845FA6001087A8 /* GalleryUIUITests */,
			);
		};
/* End PBXProject section */

/* Begin PBXResourcesBuildPhase section */
		7F3FDE1B23845FA2001087A8 /* Resources */ = {
			isa = PBXResourcesBuildPhase;
			buildActionMask = 2147483647;
			files = (
				7F3FDE2D23845FA5001087A8 /* LaunchScreen.storyboard in Resources */,
				7F3FDE2A23845FA5001087A8 /* Preview Assets.xcassets in Resources */,
				7F3FDE2723845FA5001087A8 /* Assets.xcassets in Resources */,
			);
			runOnlyForDeploymentPostprocessing = 0;
		};
		7F3FDE3123845FA6001087A8 /* Resources */ = {
			isa = PBXResourcesBuildPhase;
			buildActionMask = 2147483647;
			files = (
			);
			runOnlyForDeploymentPostprocessing = 0;
		};
		7F3FDE3C23845FA6001087A8 /* Resources */ = {
			isa = PBXResourcesBuildPhase;
			buildActionMask = 2147483647;
			files = (
			);
			runOnlyForDeploymentPostprocessing = 0;
		};
/* End PBXResourcesBuildPhase section */

/* Begin PBXSourcesBuildPhase section */
		7F3FDE1923845FA2001087A8 /* Sources */ = {
			isa = PBXSourcesBuildPhase;
			buildActionMask = 2147483647;
			files = (
				7F3FDE2123845FA2001087A8 /* AppDelegate.swift in Sources */,
				7F3FDE2323845FA2001087A8 /* SceneDelegate.swift in Sources */,
				7F3FDE572384AD3D001087A8 /* StartController.swift in Sources */,
				7F3FDE2523845FA2001087A8 /* ContentView.swift in Sources */,
				7F3FDE5123846A3B001087A8 /* ListCastle.swift in Sources */,
			);
			runOnlyForDeploymentPostprocessing = 0;
		};
		7F3FDE2F23845FA6001087A8 /* Sources */ = {
			isa = PBXSourcesBuildPhase;
			buildActionMask = 2147483647;
			files = (
				7F3FDE3823845FA6001087A8 /* GalleryUITests.swift in Sources */,
			);
			runOnlyForDeploymentPostprocessing = 0;
		};
		7F3FDE3A23845FA6001087A8 /* Sources */ = {
			isa = PBXSourcesBuildPhase;
			buildActionMask = 2147483647;
			files = (
				7F3FDE4323845FA6001087A8 /* GalleryUIUITests.swift in Sources */,
			);
			runOnlyForDeploymentPostprocessing = 0;
		};
/* End PBXSourcesBuildPhase section */

/* Begin PBXTargetDependency section */
		7F3FDE3523845FA6001087A8 /* PBXTargetDependency */ = {
			isa = PBXTargetDependency;
			target = 7F3FDE1C23845FA2001087A8 /* GalleryUI */;
			targetProxy = 7F3FDE3423845FA6001087A8 /* PBXContainerItemProxy */;
		};
		7F3FDE4023845FA6001087A8 /* PBXTargetDependency */ = {
			isa = PBXTargetDependency;
			target = 7F3FDE1C23845FA2001087A8 /* GalleryUI */;
			targetProxy = 7F3FDE3F23845FA6001087A8 /* PBXContainerItemProxy */;
		};
/* End PBXTargetDependency section */

/* Begin PBXVariantGroup section */
		7F3FDE2B23845FA5001087A8 /* LaunchScreen.storyboard */ = {
			isa = PBXVariantGroup;
			children = (
				7F3FDE2C23845FA5001087A8 /* Base */,
			);
			name = LaunchScreen.storyboard;
			sourceTree = "<group>";
		};
/* End PBXVariantGroup section */

/* Begin XCBuildConfiguration section */
		7F3FDE4523845FA6001087A8 /* Debug */ = {
			isa = XCBuildConfiguration;
			buildSettings = {
				ALWAYS_SEARCH_USER_PATHS = NO;
				CLANG_ANALYZER_NONNULL = YES;
				CLANG_ANALYZER_NUMBER_OBJECT_CONVERSION = YES_AGGRESSIVE;
				CLANG_CXX_LANGUAGE_STANDARD = "gnu++14";
				CLANG_CXX_LIBRARY = "libc++";
				CLANG_ENABLE_MODULES = YES;
				CLANG_ENABLE_OBJC_ARC = YES;
				CLANG_ENABLE_OBJC_WEAK = YES;
				CLANG_WARN_BLOCK_CAPTURE_AUTORELEASING = YES;
				CLANG_WARN_BOOL_CONVERSION = YES;
				CLANG_WARN_COMMA = YES;
				CLANG_WARN_CONSTANT_CONVERSION = YES;
				CLANG_WARN_DEPRECATED_OBJC_IMPLEMENTATIONS = YES;
				CLANG_WARN_DIRECT_OBJC_ISA_USAGE = YES_ERROR;
				CLANG_WARN_DOCUMENTATION_COMMENTS = YES;
				CLANG_WARN_EMPTY_BODY = YES;
				CLANG_WARN_ENUM_CONVERSION = YES;
				CLANG_WARN_INFINITE_RECURSION = YES;
				CLANG_WARN_INT_CONVERSION = YES;
				CLANG_WARN_NON_LITERAL_NULL_CONVERSION = YES;
				CLANG_WARN_OBJC_IMPLICIT_RETAIN_SELF = YES;
				CLANG_WARN_OBJC_LITERAL_CONVERSION = YES;
				CLANG_WARN_OBJC_ROOT_CLASS = YES_ERROR;
				CLANG_WARN_RANGE_LOOP_ANALYSIS = YES;
				CLANG_WARN_STRICT_PROTOTYPES = YES;
				CLANG_WARN_SUSPICIOUS_MOVE = YES;
				CLANG_WARN_UNGUARDED_AVAILABILITY = YES_AGGRESSIVE;
				CLANG_WARN_UNREACHABLE_CODE = YES;
				CLANG_WARN__DUPLICATE_METHOD_MATCH = YES;
				COPY_PHASE_STRIP = NO;
				DEBUG_INFORMATION_FORMAT = dwarf;
				ENABLE_STRICT_OBJC_MSGSEND = YES;
				ENABLE_TESTABILITY = YES;
				GCC_C_LANGUAGE_STANDARD = gnu11;
				GCC_DYNAMIC_NO_PIC = NO;
				GCC_NO_COMMON_BLOCKS = YES;
				GCC_OPTIMIZATION_LEVEL = 0;
				GCC_PREPROCESSOR_DEFINITIONS = (
					"DEBUG=1",
					"$(inherited)",
				);
				GCC_WARN_64_TO_32_BIT_CONVERSION = YES;
				GCC_WARN_ABOUT_RETURN_TYPE = YES_ERROR;
				GCC_WARN_UNDECLARED_SELECTOR = YES;
				GCC_WARN_UNINITIALIZED_AUTOS = YES_AGGRESSIVE;
				GCC_WARN_UNUSED_FUNCTION = YES;
				GCC_WARN_UNUSED_VARIABLE = YES;
				IPHONEOS_DEPLOYMENT_TARGET = 13.2;
				MTL_ENABLE_DEBUG_INFO = INCLUDE_SOURCE;
				MTL_FAST_MATH = YES;
				ONLY_ACTIVE_ARCH = YES;
				SDKROOT = iphoneos;
				SWIFT_ACTIVE_COMPILATION_CONDITIONS = DEBUG;
				SWIFT_OPTIMIZATION_LEVEL = "-Onone";
			};
			name = Debug;
		};
		7F3FDE4623845FA6001087A8 /* Release */ = {
			isa = XCBuildConfiguration;
			buildSettings = {
				ALWAYS_SEARCH_USER_PATHS = NO;
				CLANG_ANALYZER_NONNULL = YES;
				CLANG_ANALYZER_NUMBER_OBJECT_CONVERSION = YES_AGGRESSIVE;
				CLANG_CXX_LANGUAGE_STANDARD = "gnu++14";
				CLANG_CXX_LIBRARY = "libc++";
				CLANG_ENABLE_MODULES = YES;
				CLANG_ENABLE_OBJC_ARC = YES;
				CLANG_ENABLE_OBJC_WEAK = YES;
				CLANG_WARN_BLOCK_CAPTURE_AUTORELEASING = YES;
				CLANG_WARN_BOOL_CONVERSION = YES;
				CLANG_WARN_COMMA = YES;
				CLANG_WARN_CONSTANT_CONVERSION = YES;
				CLANG_WARN_DEPRECATED_OBJC_IMPLEMENTATIONS = YES;
				CLANG_WARN_DIRECT_OBJC_ISA_USAGE = YES_ERROR;
				CLANG_WARN_DOCUMENTATION_COMMENTS = YES;
				CLANG_WARN_EMPTY_BODY = YES;
				CLANG_WARN_ENUM_CONVERSION = YES;
				CLANG_WARN_INFINITE_RECURSION = YES;
				CLANG_WARN_INT_CONVERSION = YES;
				CLANG_WARN_NON_LITERAL_NULL_CONVERSION = YES;
				CLANG_WARN_OBJC_IMPLICIT_RETAIN_SELF = YES;
				CLANG_WARN_OBJC_LITERAL_CONVERSION = YES;
				CLANG_WARN_OBJC_ROOT_CLASS = YES_ERROR;
				CLANG_WARN_RANGE_LOOP_ANALYSIS = YES;
				CLANG_WARN_STRICT_PROTOTYPES = YES;
				CLANG_WARN_SUSPICIOUS_MOVE = YES;
				CLANG_WARN_UNGUARDED_AVAILABILITY = YES_AGGRESSIVE;
				CLANG_WARN_UNREACHABLE_CODE = YES;
				CLANG_WARN__DUPLICATE_METHOD_MATCH = YES;
				COPY_PHASE_STRIP = NO;
				DEBUG_INFORMATION_FORMAT = "dwarf-with-dsym";
				ENABLE_NS_ASSERTIONS = NO;
				ENABLE_STRICT_OBJC_MSGSEND = YES;
				GCC_C_LANGUAGE_STANDARD = gnu11;
				GCC_NO_COMMON_BLOCKS = YES;
				GCC_WARN_64_TO_32_BIT_CONVERSION = YES;
				GCC_WARN_ABOUT_RETURN_TYPE = YES_ERROR;
				GCC_WARN_UNDECLARED_SELECTOR = YES;
				GCC_WARN_UNINITIALIZED_AUTOS = YES_AGGRESSIVE;
				GCC_WARN_UNUSED_FUNCTION = YES;
				GCC_WARN_UNUSED_VARIABLE = YES;
				IPHONEOS_DEPLOYMENT_TARGET = 13.2;
				MTL_ENABLE_DEBUG_INFO = NO;
				MTL_FAST_MATH = YES;
				SDKROOT = iphoneos;
				SWIFT_COMPILATION_MODE = wholemodule;
				SWIFT_OPTIMIZATION_LEVEL = "-O";
				VALIDATE_PRODUCT = YES;
			};
			name = Release;
		};
		7F3FDE4823845FA6001087A8 /* Debug */ = {
			isa = XCBuildConfiguration;
			buildSettings = {
				ASSETCATALOG_COMPILER_APPICON_NAME = AppIcon;
				CODE_SIGN_STYLE = Automatic;
				DEVELOPMENT_ASSET_PATHS = "\"GalleryUI/Preview Content\"";
				ENABLE_PREVIEWS = YES;
				INFOPLIST_FILE = GalleryUI/Info.plist;
				LD_RUNPATH_SEARCH_PATHS = (
					"$(inherited)",
					"@executable_path/Frameworks",
				);
				PRODUCT_BUNDLE_IDENTIFIER = Natalia.GalleryUI;
				PRODUCT_NAME = "$(TARGET_NAME)";
				SWIFT_VERSION = 5.0;
				TARGETED_DEVICE_FAMILY = "1,2";
			};
			name = Debug;
		};
		7F3FDE4923845FA6001087A8 /* Release */ = {
			isa = XCBuildConfiguration;
			buildSettings = {
				ASSETCATALOG_COMPILER_APPICON_NAME = AppIcon;
				CODE_SIGN_STYLE = Automatic;
				DEVELOPMENT_ASSET_PATHS = "\"GalleryUI/Preview Content\"";
				ENABLE_PREVIEWS = YES;
				INFOPLIST_FILE = GalleryUI/Info.plist;
				LD_RUNPATH_SEARCH_PATHS = (
					"$(inherited)",
					"@executable_path/Frameworks",
				);
				PRODUCT_BUNDLE_IDENTIFIER = Natalia.GalleryUI;
				PRODUCT_NAME = "$(TARGET_NAME)";
				SWIFT_VERSION = 5.0;
				TARGETED_DEVICE_FAMILY = "1,2";
			};
			name = Release;
		};
		7F3FDE4B23845FA6001087A8 /* Debug */ = {
			isa = XCBuildConfiguration;
			buildSettings = {
				ALWAYS_EMBED_SWIFT_STANDARD_LIBRARIES = YES;
				BUNDLE_LOADER = "$(TEST_HOST)";
				CODE_SIGN_STYLE = Automatic;
				INFOPLIST_FILE = GalleryUITests/Info.plist;
				IPHONEOS_DEPLOYMENT_TARGET = 13.2;
				LD_RUNPATH_SEARCH_PATHS = (
					"$(inherited)",
					"@executable_path/Frameworks",
					"@loader_path/Frameworks",
				);
				PRODUCT_BUNDLE_IDENTIFIER = Natalia.GalleryUITests;
				PRODUCT_NAME = "$(TARGET_NAME)";
				SWIFT_VERSION = 5.0;
				TARGETED_DEVICE_FAMILY = "1,2";
				TEST_HOST = "$(BUILT_PRODUCTS_DIR)/GalleryUI.app/GalleryUI";
			};
			name = Debug;
		};
		7F3FDE4C23845FA6001087A8 /* Release */ = {
			isa = XCBuildConfiguration;
			buildSettings = {
				ALWAYS_EMBED_SWIFT_STANDARD_LIBRARIES = YES;
				BUNDLE_LOADER = "$(TEST_HOST)";
				CODE_SIGN_STYLE = Automatic;
				INFOPLIST_FILE = GalleryUITests/Info.plist;
				IPHONEOS_DEPLOYMENT_TARGET = 13.2;
				LD_RUNPATH_SEARCH_PATHS = (
					"$(inherited)",
					"@executable_path/Frameworks",
					"@loader_path/Frameworks",
				);
				PRODUCT_BUNDLE_IDENTIFIER = Natalia.GalleryUITests;
				PRODUCT_NAME = "$(TARGET_NAME)";
				SWIFT_VERSION = 5.0;
				TARGETED_DEVICE_FAMILY = "1,2";
				TEST_HOST = "$(BUILT_PRODUCTS_DIR)/GalleryUI.app/GalleryUI";
			};
			name = Release;
		};
		7F3FDE4E23845FA6001087A8 /* Debug */ = {
			isa = XCBuildConfiguration;
			buildSettings = {
				ALWAYS_EMBED_SWIFT_STANDARD_LIBRARIES = YES;
				CODE_SIGN_STYLE = Automatic;
				INFOPLIST_FILE = GalleryUIUITests/Info.plist;
				LD_RUNPATH_SEARCH_PATHS = (
					"$(inherited)",
					"@executable_path/Frameworks",
					"@loader_path/Frameworks",
				);
				PRODUCT_BUNDLE_IDENTIFIER = Natalia.GalleryUIUITests;
				PRODUCT_NAME = "$(TARGET_NAME)";
				SWIFT_VERSION = 5.0;
				TARGETED_DEVICE_FAMILY = "1,2";
				TEST_TARGET_NAME = GalleryUI;
			};
			name = Debug;
		};
		7F3FDE4F23845FA6001087A8 /* Release */ = {
			isa = XCBuildConfiguration;
			buildSettings = {
				ALWAYS_EMBED_SWIFT_STANDARD_LIBRARIES = YES;
				CODE_SIGN_STYLE = Automatic;
				INFOPLIST_FILE = GalleryUIUITests/Info.plist;
				LD_RUNPATH_SEARCH_PATHS = (
					"$(inherited)",
					"@executable_path/Frameworks",
					"@loader_path/Frameworks",
				);
				PRODUCT_BUNDLE_IDENTIFIER = Natalia.GalleryUIUITests;
				PRODUCT_NAME = "$(TARGET_NAME)";
				SWIFT_VERSION = 5.0;
				TARGETED_DEVICE_FAMILY = "1,2";
				TEST_TARGET_NAME = GalleryUI;
			};
			name = Release;
		};
/* End XCBuildConfiguration section */

/* Begin XCConfigurationList section */
		7F3FDE1823845FA2001087A8 /* Build configuration list for PBXProject "GalleryUI" */ = {
			isa = XCConfigurationList;
			buildConfigurations = (
				7F3FDE4523845FA6001087A8 /* Debug */,
				7F3FDE4623845FA6001087A8 /* Release */,
			);
			defaultConfigurationIsVisible = 0;
			defaultConfigurationName = Release;
		};
		7F3FDE4723845FA6001087A8 /* Build configuration list for PBXNativeTarget "GalleryUI" */ = {
			isa = XCConfigurationList;
			buildConfigurations = (
				7F3FDE4823845FA6001087A8 /* Debug */,
				7F3FDE4923845FA6001087A8 /* Release */,
			);
			defaultConfigurationIsVisible = 0;
			defaultConfigurationName = Release;
		};
		7F3FDE4A23845FA6001087A8 /* Build configuration list for PBXNativeTarget "GalleryUITests" */ = {
			isa = XCConfigurationList;
			buildConfigurations = (
				7F3FDE4B23845FA6001087A8 /* Debug */,
				7F3FDE4C23845FA6001087A8 /* Release */,
			);
			defaultConfigurationIsVisible = 0;
			defaultConfigurationName = Release;
		};
		7F3FDE4D23845FA6001087A8 /* Build configuration list for PBXNativeTarget "GalleryUIUITests" */ = {
			isa = XCConfigurationList;
			buildConfigurations = (
				7F3FDE4E23845FA6001087A8 /* Debug */,
				7F3FDE4F23845FA6001087A8 /* Release */,
			);
			defaultConfigurationIsVisible = 0;
			defaultConfigurationName = Release;
		};
/* End XCConfigurationList section */
	};
	rootObject = 7F3FDE1523845FA2001087A8 /* Project object */;
}
